
Microsoft Visual Studio Solution File, Format Version 12.00
# Visual Studio Version 17
VisualStudioVersion = 17.10.34916.146
MinimumVisualStudioVersion = 10.0.40219.1
Project("{9A19103F-16F7-4668-BE54-9A1E7A4F7556}") = "AuctionService", "AuctionService\AuctionService.csproj", "{A05C3289-98CA-4D16-A8C9-8D1BA356C814}"
EndProject
Project("{2150E333-8FDC-42A3-9474-1A3956D46DE8}") = "Solution Items", "Solution Items", "{51D35E51-A3CA-4FC2-B21A-3BADF8C9C7C9}"
	ProjectSection(SolutionItems) = preProject
		docker-compose.yaml = docker-compose.yaml
	EndProjectSection
EndProject
Project("{9A19103F-16F7-4668-BE54-9A1E7A4F7556}") = "SearchService", "SearchService\SearchService.csproj", "{F314B9FF-59FC-4365-99D2-C3304926DCC1}"
EndProject
Project("{FAE04EC0-301F-11D3-BF4B-00C04F79EFBC}") = "Contracts", "Contracts\Contracts.csproj", "{FF1FB012-7F6F-49BF-94CC-22C3EA5FF500}"
EndProject
Global
	GlobalSection(SolutionConfigurationPlatforms) = preSolution
		Debug|Any CPU = Debug|Any CPU
		Release|Any CPU = Release|Any CPU
	EndGlobalSection
	GlobalSection(ProjectConfigurationPlatforms) = postSolution
		{A05C3289-98CA-4D16-A8C9-8D1BA356C814}.Debug|Any CPU.ActiveCfg = Debug|Any CPU
		{A05C3289-98CA-4D16-A8C9-8D1BA356C814}.Debug|Any CPU.Build.0 = Debug|Any CPU
		{A05C3289-98CA-4D16-A8C9-8D1BA356C814}.Release|Any CPU.ActiveCfg = Release|Any CPU
		{A05C3289-98CA-4D16-A8C9-8D1BA356C814}.Release|Any CPU.Build.0 = Release|Any CPU
		{F314B9FF-59FC-4365-99D2-C3304926DCC1}.Debug|Any CPU.ActiveCfg = Debug|Any CPU
		{F314B9FF-59FC-4365-99D2-C3304926DCC1}.Debug|Any CPU.Build.0 = Debug|Any CPU
		{F314B9FF-59FC-4365-99D2-C3304926DCC1}.Release|Any CPU.ActiveCfg = Release|Any CPU
		{F314B9FF-59FC-4365-99D2-C3304926DCC1}.Release|Any CPU.Build.0 = Release|Any CPU
		{FF1FB012-7F6F-49BF-94CC-22C3EA5FF500}.Debug|Any CPU.ActiveCfg = Debug|Any CPU
		{FF1FB012-7F6F-49BF-94CC-22C3EA5FF500}.Debug|Any CPU.Build.0 = Debug|Any CPU
		{FF1FB012-7F6F-49BF-94CC-22C3EA5FF500}.Release|Any CPU.ActiveCfg = Release|Any CPU
		{FF1FB012-7F6F-49BF-94CC-22C3EA5FF500}.Release|Any CPU.Build.0 = Release|Any CPU
	EndGlobalSection
	GlobalSection(SolutionProperties) = preSolution
		HideSolutionNode = FALSE
	EndGlobalSection
	GlobalSection(ExtensibilityGlobals) = postSolution
		SolutionGuid = {D59F313E-3DBC-4782-9776-50B931D2F8F8}
	EndGlobalSection
EndGlobal
